
Microsoft Visual Studio Solution File, Format Version 12.00
# Visual Studio Version 17
VisualStudioVersion = 17.12.35527.113
MinimumVisualStudioVersion = 10.0.40219.1
Project("{FAE04EC0-301F-11D3-BF4B-00C04F79EFBC}") = "BlueBellDolls.Service", "Service\BlueBellDolls.Service.csproj", "{827478FA-4FDB-43DE-8733-041F89679181}"
EndProject
Project("{2150E333-8FDC-42A3-9474-1A3956D46DE8}") = "Solution Items", "Solution Items", "{5C796C94-EF04-4737-8190-7878D822263E}"
	ProjectSection(SolutionItems) = preProject
		.editorconfig = .editorconfig
	EndProjectSection
EndProject
Project("{FAE04EC0-301F-11D3-BF4B-00C04F79EFBC}") = "BlueBellDolls.Bot", "Bot\BlueBellDolls.Bot.csproj", "{1EFE815D-2330-44AC-8E85-DAFBA354EE26}"
EndProject
Project("{FAE04EC0-301F-11D3-BF4B-00C04F79EFBC}") = "BlueBellDolls.Common", "Common\BlueBellDolls.Common.csproj", "{5B45F3CA-2351-4A92-AF98-6C6BB6123C86}"
EndProject
Global
	GlobalSection(SolutionConfigurationPlatforms) = preSolution
		Debug|Any CPU = Debug|Any CPU
		Release|Any CPU = Release|Any CPU
	EndGlobalSection
	GlobalSection(ProjectConfigurationPlatforms) = postSolution
		{827478FA-4FDB-43DE-8733-041F89679181}.Debug|Any CPU.ActiveCfg = Debug|Any CPU
		{827478FA-4FDB-43DE-8733-041F89679181}.Debug|Any CPU.Build.0 = Debug|Any CPU
		{827478FA-4FDB-43DE-8733-041F89679181}.Release|Any CPU.ActiveCfg = Release|Any CPU
		{827478FA-4FDB-43DE-8733-041F89679181}.Release|Any CPU.Build.0 = Release|Any CPU
		{1EFE815D-2330-44AC-8E85-DAFBA354EE26}.Debug|Any CPU.ActiveCfg = Debug|Any CPU
		{1EFE815D-2330-44AC-8E85-DAFBA354EE26}.Debug|Any CPU.Build.0 = Debug|Any CPU
		{1EFE815D-2330-44AC-8E85-DAFBA354EE26}.Release|Any CPU.ActiveCfg = Release|Any CPU
		{1EFE815D-2330-44AC-8E85-DAFBA354EE26}.Release|Any CPU.Build.0 = Release|Any CPU
		{5B45F3CA-2351-4A92-AF98-6C6BB6123C86}.Debug|Any CPU.ActiveCfg = Debug|Any CPU
		{5B45F3CA-2351-4A92-AF98-6C6BB6123C86}.Debug|Any CPU.Build.0 = Debug|Any CPU
		{5B45F3CA-2351-4A92-AF98-6C6BB6123C86}.Release|Any CPU.ActiveCfg = Release|Any CPU
		{5B45F3CA-2351-4A92-AF98-6C6BB6123C86}.Release|Any CPU.Build.0 = Release|Any CPU
	EndGlobalSection
	GlobalSection(SolutionProperties) = preSolution
		HideSolutionNode = FALSE
	EndGlobalSection
EndGlobal
